// !$*UTF8*$!
{
	archiveVersion = 1;
	classes = {
	};
	objectVersion = 50;
	objects = {

/* Begin PBXBuildFile section */
		198915692133FBE900D632F6 /* AppDelegate.swift in Sources */ = {isa = PBXBuildFile; fileRef = 198915682133FBE900D632F6 /* AppDelegate.swift */; };
		198915702133FBEB00D632F6 /* Assets.xcassets in Resources */ = {isa = PBXBuildFile; fileRef = 1989156F2133FBEB00D632F6 /* Assets.xcassets */; };
		198915732133FBEB00D632F6 /* LaunchScreen.storyboard in Resources */ = {isa = PBXBuildFile; fileRef = 198915712133FBEB00D632F6 /* LaunchScreen.storyboard */; };
		1989157E2133FC2700D632F6 /* ItemsViewController.swift in Sources */ = {isa = PBXBuildFile; fileRef = 1989157A2133FC2600D632F6 /* ItemsViewController.swift */; };
		1989157F2133FC2700D632F6 /* SwipeableCollectionViewCell.swift in Sources */ = {isa = PBXBuildFile; fileRef = 1989157B2133FC2600D632F6 /* SwipeableCollectionViewCell.swift */; };
		198915802133FC2700D632F6 /* ItemCollectionViewCell.swift in Sources */ = {isa = PBXBuildFile; fileRef = 1989157C2133FC2600D632F6 /* ItemCollectionViewCell.swift */; };
		198915812133FC2700D632F6 /* UIView+Anchors.swift in Sources */ = {isa = PBXBuildFile; fileRef = 1989157D2133FC2700D632F6 /* UIView+Anchors.swift */; };
/* End PBXBuildFile section */

/* Begin PBXFileReference section */
		198915652133FBE900D632F6 /* SwipeableCollectionViewCell-Example.app */ = {isa = PBXFileReference; explicitFileType = wrapper.application; includeInIndex = 0; path = "SwipeableCollectionViewCell-Example.app"; sourceTree = BUILT_PRODUCTS_DIR; };
		198915682133FBE900D632F6 /* AppDelegate.swift */ = {isa = PBXFileReference; lastKnownFileType = sourcecode.swift; path = AppDelegate.swift; sourceTree = "<group>"; };
		1989156F2133FBEB00D632F6 /* Assets.xcassets */ = {isa = PBXFileReference; lastKnownFileType = folder.assetcatalog; path = Assets.xcassets; sourceTree = "<group>"; };
		198915722133FBEB00D632F6 /* Base */ = {isa = PBXFileReference; lastKnownFileType = file.storyboard; name = Base; path = Base.lproj/LaunchScreen.storyboard; sourceTree = "<group>"; };
		198915742133FBEB00D632F6 /* Info.plist */ = {isa = PBXFileReference; lastKnownFileType = text.plist.xml; path = Info.plist; sourceTree = "<group>"; };
		1989157A2133FC2600D632F6 /* ItemsViewController.swift */ = {isa = PBXFileReference; fileEncoding = 4; lastKnownFileType = sourcecode.swift; path = ItemsViewController.swift; sourceTree = "<group>"; };
		1989157B2133FC2600D632F6 /* SwipeableCollectionViewCell.swift */ = {isa = PBXFileReference; fileEncoding = 4; lastKnownFileType = sourcecode.swift; path = SwipeableCollectionViewCell.swift; sourceTree = "<group>"; };
		1989157C2133FC2600D632F6 /* ItemCollectionViewCell.swift */ = {isa = PBXFileReference; fileEncoding = 4; lastKnownFileType = sourcecode.swift; path = ItemCollectionViewCell.swift; sourceTree = "<group>"; };
		1989157D2133FC2700D632F6 /* UIView+Anchors.swift */ = {isa = PBXFileReference; fileEncoding = 4; lastKnownFileType = sourcecode.swift; path = "UIView+Anchors.swift"; sourceTree = "<group>"; };
/* End PBXFileReference section */

/* Begin PBXFrameworksBuildPhase section */
		198915622133FBE900D632F6 /* Frameworks */ = {
			isa = PBXFrameworksBuildPhase;
			buildActionMask = 2147483647;
			files = (
			);
			runOnlyForDeploymentPostprocessing = 0;
		};
/* End PBXFrameworksBuildPhase section */

/* Begin PBXGroup section */
		1989155C2133FBE900D632F6 = {
			isa = PBXGroup;
			children = (
				198915672133FBE900D632F6 /* SwipeableCollectionViewCell-Example */,
				198915662133FBE900D632F6 /* Products */,
			);
			sourceTree = "<group>";
		};
		198915662133FBE900D632F6 /* Products */ = {
			isa = PBXGroup;
			children = (
				198915652133FBE900D632F6 /* SwipeableCollectionViewCell-Example.app */,
			);
			name = Products;
			sourceTree = "<group>";
		};
		198915672133FBE900D632F6 /* SwipeableCollectionViewCell-Example */ = {
			isa = PBXGroup;
			children = (
				198915682133FBE900D632F6 /* AppDelegate.swift */,
				1989157C2133FC2600D632F6 /* ItemCollectionViewCell.swift */,
				1989157A2133FC2600D632F6 /* ItemsViewController.swift */,
				1989157B2133FC2600D632F6 /* SwipeableCollectionViewCell.swift */,
				1989157D2133FC2700D632F6 /* UIView+Anchors.swift */,
				1989156F2133FBEB00D632F6 /* Assets.xcassets */,
				198915712133FBEB00D632F6 /* LaunchScreen.storyboard */,
				198915742133FBEB00D632F6 /* Info.plist */,
			);
			path = "SwipeableCollectionViewCell-Example";
			sourceTree = "<group>";
		};
/* End PBXGroup section */

/* Begin PBXNativeTarget section */
		198915642133FBE900D632F6 /* SwipeableCollectionViewCell-Example */ = {
			isa = PBXNativeTarget;
			buildConfigurationList = 198915772133FBEB00D632F6 /* Build configuration list for PBXNativeTarget "SwipeableCollectionViewCell-Example" */;
			buildPhases = (
				198915612133FBE900D632F6 /* Sources */,
				198915622133FBE900D632F6 /* Frameworks */,
				198915632133FBE900D632F6 /* Resources */,
			);
			buildRules = (
			);
			dependencies = (
			);
			name = "SwipeableCollectionViewCell-Example";
			productName = "SwipeableCollectionViewCell-Example";
			productReference = 198915652133FBE900D632F6 /* SwipeableCollectionViewCell-Example.app */;
			productType = "com.apple.product-type.application";
		};
/* End PBXNativeTarget section */

/* Begin PBXProject section */
		1989155D2133FBE900D632F6 /* Project object */ = {
			isa = PBXProject;
			attributes = {
				LastSwiftUpdateCheck = 0940;
				LastUpgradeCheck = 0940;
				ORGANIZATIONNAME = "Amer Hukic";
				TargetAttributes = {
					198915642133FBE900D632F6 = {
						CreatedOnToolsVersion = 9.4.1;
						LastSwiftMigration = 1000;
					};
				};
			};
			buildConfigurationList = 198915602133FBE900D632F6 /* Build configuration list for PBXProject "SwipeableCollectionViewCell-Example" */;
			compatibilityVersion = "Xcode 9.3";
			developmentRegion = en;
			hasScannedForEncodings = 0;
			knownRegions = (
				en,
				Base,
			);
			mainGroup = 1989155C2133FBE900D632F6;
			productRefGroup = 198915662133FBE900D632F6 /* Products */;
			projectDirPath = "";
			projectRoot = "";
			targets = (
				198915642133FBE900D632F6 /* SwipeableCollectionViewCell-Example */,
			);
		};
/* End PBXProject section */

/* Begin PBXResourcesBuildPhase section */
		198915632133FBE900D632F6 /* Resources */ = {
			isa = PBXResourcesBuildPhase;
			buildActionMask = 2147483647;
			files = (
				198915732133FBEB00D632F6 /* LaunchScreen.storyboard in Resources */,
				198915702133FBEB00D632F6 /* Assets.xcassets in Resources */,
			);
			runOnlyForDeploymentPostprocessing = 0;
		};
/* End PBXResourcesBuildPhase section */

/* Begin PBXSourcesBuildPhase section */
		198915612133FBE900D632F6 /* Sources */ = {
			isa = PBXSourcesBuildPhase;
			buildActionMask = 2147483647;
			files = (
				198915802133FC2700D632F6 /* ItemCollectionViewCell.swift in Sources */,
				198915812133FC2700D632F6 /* UIView+Anchors.swift in Sources */,
				1989157F2133FC2700D632F6 /* SwipeableCollectionViewCell.swift in Sources */,
				1989157E2133FC2700D632F6 /* ItemsViewController.swift in Sources */,
				198915692133FBE900D632F6 /* AppDelegate.swift in Sources */,
			);
			runOnlyForDeploymentPostprocessing = 0;
		};
/* End PBXSourcesBuildPhase section */

/* Begin PBXVariantGroup section */
		198915712133FBEB00D632F6 /* LaunchScreen.storyboard */ = {
			isa = PBXVariantGroup;
			children = (
				198915722133FBEB00D632F6 /* Base */,
			);
			name = LaunchScreen.storyboard;
			sourceTree = "<group>";
		};
/* End PBXVariantGroup section */

/* Begin XCBuildConfiguration section */
		198915752133FBEB00D632F6 /* Debug */ = {
			isa = XCBuildConfiguration;
			buildSettings = {
				ALWAYS_SEARCH_USER_PATHS = NO;
				CLANG_ANALYZER_NONNULL = YES;
				CLANG_ANALYZER_NUMBER_OBJECT_CONVERSION = YES_AGGRESSIVE;
				CLANG_CXX_LANGUAGE_STANDARD = "gnu++14";
				CLANG_CXX_LIBRARY = "libc++";
				CLANG_ENABLE_MODULES = YES;
				CLANG_ENABLE_OBJC_ARC = YES;
				CLANG_ENABLE_OBJC_WEAK = YES;
				CLANG_WARN_BLOCK_CAPTURE_AUTORELEASING = YES;
				CLANG_WARN_BOOL_CONVERSION = YES;
				CLANG_WARN_COMMA = YES;
				CLANG_WARN_CONSTANT_CONVERSION = YES;
				CLANG_WARN_DEPRECATED_OBJC_IMPLEMENTATIONS = YES;
				CLANG_WARN_DIRECT_OBJC_ISA_USAGE = YES_ERROR;
				CLANG_WARN_DOCUMENTATION_COMMENTS = YES;
				CLANG_WARN_EMPTY_BODY = YES;
				CLANG_WARN_ENUM_CONVERSION = YES;
				CLANG_WARN_INFINITE_RECURSION = YES;
				CLANG_WARN_INT_CONVERSION = YES;
				CLANG_WARN_NON_LITERAL_NULL_CONVERSION = YES;
				CLANG_WARN_OBJC_IMPLICIT_RETAIN_SELF = YES;
				CLANG_WARN_OBJC_LITERAL_CONVERSION = YES;
				CLANG_WARN_OBJC_ROOT_CLASS = YES_ERROR;
				CLANG_WARN_RANGE_LOOP_ANALYSIS = YES;
				CLANG_WARN_STRICT_PROTOTYPES = YES;
				CLANG_WARN_SUSPICIOUS_MOVE = YES;
				CLANG_WARN_UNGUARDED_AVAILABILITY = YES_AGGRESSIVE;
				CLANG_WARN_UNREACHABLE_CODE = YES;
				CLANG_WARN__DUPLICATE_METHOD_MATCH = YES;
				CODE_SIGN_IDENTITY = "iPhone Developer";
				COPY_PHASE_STRIP = NO;
				DEBUG_INFORMATION_FORMAT = dwarf;
				ENABLE_STRICT_OBJC_MSGSEND = YES;
				ENABLE_TESTABILITY = YES;
				GCC_C_LANGUAGE_STANDARD = gnu11;
				GCC_DYNAMIC_NO_PIC = NO;
				GCC_NO_COMMON_BLOCKS = YES;
				GCC_OPTIMIZATION_LEVEL = 0;
				GCC_PREPROCESSOR_DEFINITIONS = (
					"DEBUG=1",
					"$(inherited)",
				);
				GCC_WARN_64_TO_32_BIT_CONVERSION = YES;
				GCC_WARN_ABOUT_RETURN_TYPE = YES_ERROR;
				GCC_WARN_UNDECLARED_SELECTOR = YES;
				GCC_WARN_UNINITIALIZED_AUTOS = YES_AGGRESSIVE;
				GCC_WARN_UNUSED_FUNCTION = YES;
				GCC_WARN_UNUSED_VARIABLE = YES;
				IPHONEOS_DEPLOYMENT_TARGET = 11.4;
				MTL_ENABLE_DEBUG_INFO = YES;
				ONLY_ACTIVE_ARCH = YES;
				SDKROOT = iphoneos;
				SWIFT_ACTIVE_COMPILATION_CONDITIONS = DEBUG;
				SWIFT_OPTIMIZATION_LEVEL = "-Onone";
			};
			name = Debug;
		};
		198915762133FBEB00D632F6 /* Release */ = {
			isa = XCBuildConfiguration;
			buildSettings = {
				ALWAYS_SEARCH_USER_PATHS = NO;
				CLANG_ANALYZER_NONNULL = YES;
				CLANG_ANALYZER_NUMBER_OBJECT_CONVERSION = YES_AGGRESSIVE;
				CLANG_CXX_LANGUAGE_STANDARD = "gnu++14";
				CLANG_CXX_LIBRARY = "libc++";
				CLANG_ENABLE_MODULES = YES;
				CLANG_ENABLE_OBJC_ARC = YES;
				CLANG_ENABLE_OBJC_WEAK = YES;
				CLANG_WARN_BLOCK_CAPTURE_AUTORELEASING = YES;
				CLANG_WARN_BOOL_CONVERSION = YES;
				CLANG_WARN_COMMA = YES;
				CLANG_WARN_CONSTANT_CONVERSION = YES;
				CLANG_WARN_DEPRECATED_OBJC_IMPLEMENTATIONS = YES;
				CLANG_WARN_DIRECT_OBJC_ISA_USAGE = YES_ERROR;
				CLANG_WARN_DOCUMENTATION_COMMENTS = YES;
				CLANG_WARN_EMPTY_BODY = YES;
				CLANG_WARN_ENUM_CONVERSION = YES;
				CLANG_WARN_INFINITE_RECURSION = YES;
				CLANG_WARN_INT_CONVERSION = YES;
				CLANG_WARN_NON_LITERAL_NULL_CONVERSION = YES;
				CLANG_WARN_OBJC_IMPLICIT_RETAIN_SELF = YES;
				CLANG_WARN_OBJC_LITERAL_CONVERSION = YES;
				CLANG_WARN_OBJC_ROOT_CLASS = YES_ERROR;
				CLANG_WARN_RANGE_LOOP_ANALYSIS = YES;
				CLANG_WARN_STRICT_PROTOTYPES = YES;
				CLANG_WARN_SUSPICIOUS_MOVE = YES;
				CLANG_WARN_UNGUARDED_AVAILABILITY = YES_AGGRESSIVE;
				CLANG_WARN_UNREACHABLE_CODE = YES;
				CLANG_WARN__DUPLICATE_METHOD_MATCH = YES;
				CODE_SIGN_IDENTITY = "iPhone Developer";
				COPY_PHASE_STRIP = NO;
				DEBUG_INFORMATION_FORMAT = "dwarf-with-dsym";
				ENABLE_NS_ASSERTIONS = NO;
				ENABLE_STRICT_OBJC_MSGSEND = YES;
				GCC_C_LANGUAGE_STANDARD = gnu11;
				GCC_NO_COMMON_BLOCKS = YES;
				GCC_WARN_64_TO_32_BIT_CONVERSION = YES;
				GCC_WARN_ABOUT_RETURN_TYPE = YES_ERROR;
				GCC_WARN_UNDECLARED_SELECTOR = YES;
				GCC_WARN_UNINITIALIZED_AUTOS = YES_AGGRESSIVE;
				GCC_WARN_UNUSED_FUNCTION = YES;
				GCC_WARN_UNUSED_VARIABLE = YES;
				IPHONEOS_DEPLOYMENT_TARGET = 11.4;
				MTL_ENABLE_DEBUG_INFO = NO;
				SDKROOT = iphoneos;
				SWIFT_COMPILATION_MODE = wholemodule;
				SWIFT_OPTIMIZATION_LEVEL = "-O";
				VALIDATE_PRODUCT = YES;
			};
			name = Release;
		};
		198915782133FBEB00D632F6 /* Debug */ = {
			isa = XCBuildConfiguration;
			buildSettings = {
				ASSETCATALOG_COMPILER_APPICON_NAME = AppIcon;
				CODE_SIGN_STYLE = Automatic;
				DEVELOPMENT_TEAM = TSG7U2M54S;
				INFOPLIST_FILE = "SwipeableCollectionViewCell-Example/Info.plist";
				LD_RUNPATH_SEARCH_PATHS = (
					"$(inherited)",
					"@executable_path/Frameworks",
				);
				PRODUCT_BUNDLE_IDENTIFIER = "com.amerhukic.SwipeableCollectionViewCell-Example";
				PRODUCT_NAME = "$(TARGET_NAME)";
				SWIFT_VERSION = 4.2;
				TARGETED_DEVICE_FAMILY = "1,2";
			};
			name = Debug;
		};
		198915792133FBEB00D632F6 /* Release */ = {
			isa = XCBuildConfiguration;
			buildSettings = {
				ASSETCATALOG_COMPILER_APPICON_NAME = AppIcon;
				CODE_SIGN_STYLE = Automatic;
				DEVELOPMENT_TEAM = TSG7U2M54S;
				INFOPLIST_FILE = "SwipeableCollectionViewCell-Example/Info.plist";
				LD_RUNPATH_SEARCH_PATHS = (
					"$(inherited)",
					"@executable_path/Frameworks",
				);
				PRODUCT_BUNDLE_IDENTIFIER = "com.amerhukic.SwipeableCollectionViewCell-Example";
				PRODUCT_NAME = "$(TARGET_NAME)";
				SWIFT_VERSION = 4.2;
				TARGETED_DEVICE_FAMILY = "1,2";
			};
			name = Release;
		};
/* End XCBuildConfiguration section */

/* Begin XCConfigurationList section */
		198915602133FBE900D632F6 /* Build configuration list for PBXProject "SwipeableCollectionViewCell-Example" */ = {
			isa = XCConfigurationList;
			buildConfigurations = (
				198915752133FBEB00D632F6 /* Debug */,
				198915762133FBEB00D632F6 /* Release */,
			);
			defaultConfigurationIsVisible = 0;
			defaultConfigurationName = Release;
		};
		198915772133FBEB00D632F6 /* Build configuration list for PBXNativeTarget "SwipeableCollectionViewCell-Example" */ = {
			isa = XCConfigurationList;
			buildConfigurations = (
				198915782133FBEB00D632F6 /* Debug */,
				198915792133FBEB00D632F6 /* Release */,
			);
			defaultConfigurationIsVisible = 0;
			defaultConfigurationName = Release;
		};
/* End XCConfigurationList section */
	};
	rootObject = 1989155D2133FBE900D632F6 /* Project object */;
}
